# THIS IS AN AUTOGENERATED FILE. DO NOT EDIT THIS FILE DIRECTLY.
# yarn lockfile v1


"@polymer/font-roboto@^3.0.0-pre.1":
  version "3.0.0-pre.1"
  resolved "https://registry.yarnpkg.com/@polymer/font-roboto/-/font-roboto-3.0.0-pre.1.tgz#3b989a3b7c7d7351d4d816f8136d708512b0bd10"

"@polymer/iron-a11y-keys-behavior@^3.0.0-pre.1":
  version "3.0.0-pre.1"
  resolved "https://registry.yarnpkg.com/@polymer/iron-a11y-keys-behavior/-/iron-a11y-keys-behavior-3.0.0-pre.1.tgz#0b2954d7f6b04d97c9ae69c7f7cb82b9d4efe3e4"
  dependencies:
    "@polymer/polymer" "^3.0.0-pre.1"

"@polymer/iron-behaviors@^3.0.0-pre.1":
  version "3.0.0-pre.1"
  resolved "https://registry.yarnpkg.com/@polymer/iron-behaviors/-/iron-behaviors-3.0.0-pre.1.tgz#bbb1d7555bf93e5d221d18cbf82d6994b39585b7"
  dependencies:
    "@polymer/iron-a11y-keys-behavior" "^3.0.0-pre.1"
    "@polymer/polymer" "^3.0.0-pre.1"

"@polymer/iron-checked-element-behavior@^3.0.0-pre.1":
  version "3.0.0-pre.1"
  resolved "https://registry.yarnpkg.com/@polymer/iron-checked-element-behavior/-/iron-checked-element-behavior-3.0.0-pre.1.tgz#329089923fdc05a974ca7d78048c65cd7249150d"
  dependencies:
    "@polymer/iron-form-element-behavior" "^3.0.0-pre.1"
    "@polymer/iron-validatable-behavior" "^3.0.0-pre.1"
    "@polymer/polymer" "^3.0.0-pre.1"

"@polymer/iron-flex-layout@^3.0.0-pre.1":
  version "3.0.0-pre.1"
  resolved "https://registry.yarnpkg.com/@polymer/iron-flex-layout/-/iron-flex-layout-3.0.0-pre.1.tgz#46738316b52fe2858bf4fb207176366b1657457f"
  dependencies:
    "@polymer/polymer" "^3.0.0-pre.1"

"@polymer/iron-form-element-behavior@^3.0.0-pre.1":
  version "3.0.0-pre.1"
  resolved "https://registry.yarnpkg.com/@polymer/iron-form-element-behavior/-/iron-form-element-behavior-3.0.0-pre.1.tgz#a8bd62f2b6726353a821527683609081213441e7"
  dependencies:
    "@polymer/polymer" "^3.0.0-pre.1"

"@polymer/iron-meta@^3.0.0-pre.1":
  version "3.0.0-pre.1"
  resolved "https://registry.yarnpkg.com/@polymer/iron-meta/-/iron-meta-3.0.0-pre.1.tgz#809f5717a8eb80062fee6039ccd5fafe4875ca85"
  dependencies:
    "@polymer/polymer" "^3.0.0-pre.1"

"@polymer/iron-resizable-behavior@next":
  version "3.0.0-pre.1"
  resolved "https://registry.yarnpkg.com/@polymer/iron-resizable-behavior/-/iron-resizable-behavior-3.0.0-pre.1.tgz#1a6c0276329fdb41818c5e1356f9a8089cf3fbdb"
  dependencies:
    "@polymer/polymer" "^3.0.0-pre.1"

"@polymer/iron-validatable-behavior@^3.0.0-pre.1":
  version "3.0.0-pre.1"
  resolved "https://registry.yarnpkg.com/@polymer/iron-validatable-behavior/-/iron-validatable-behavior-3.0.0-pre.1.tgz#2d1f05e69738e003a761769036d1aece32a7a266"
  dependencies:
    "@polymer/iron-meta" "^3.0.0-pre.1"
    "@polymer/polymer" "^3.0.0-pre.1"

"@polymer/paper-behaviors@^3.0.0-pre.1":
  version "3.0.0-pre.1"
  resolved "https://registry.yarnpkg.com/@polymer/paper-behaviors/-/paper-behaviors-3.0.0-pre.1.tgz#805506d7799fa45566d9ce6a18c5943a8203764b"
  dependencies:
    "@polymer/iron-behaviors" "^3.0.0-pre.1"
    "@polymer/iron-checked-element-behavior" "^3.0.0-pre.1"
    "@polymer/paper-ripple" "^3.0.0-pre.1"
    "@polymer/polymer" "^3.0.0-pre.1"

"@polymer/paper-button@next":
  version "3.0.0-pre.1"
  resolved "https://registry.yarnpkg.com/@polymer/paper-button/-/paper-button-3.0.0-pre.1.tgz#3376fb2fc543d9b09f752d8da856c80292de0e6a"
  dependencies:
    "@polymer/iron-flex-layout" "^3.0.0-pre.1"
    "@polymer/paper-behaviors" "^3.0.0-pre.1"
    "@polymer/paper-styles" "^3.0.0-pre.1"
    "@polymer/polymer" "^3.0.0-pre.1"

"@polymer/paper-ripple@^3.0.0-pre.1":
  version "3.0.0-pre.1"
  resolved "https://registry.yarnpkg.com/@polymer/paper-ripple/-/paper-ripple-3.0.0-pre.1.tgz#67e692ea2c6d91d4f5f5bdf998dbd8a52acd9efa"
  dependencies:
    "@polymer/iron-a11y-keys-behavior" "^3.0.0-pre.1"
    "@polymer/polymer" "^3.0.0-pre.1"

"@polymer/paper-styles@^3.0.0-pre.1":
  version "3.0.0-pre.1"
  resolved "https://registry.yarnpkg.com/@polymer/paper-styles/-/paper-styles-3.0.0-pre.1.tgz#333fd04f5052733ebc10e3a08a59f07b5586af13"
  dependencies:
    "@polymer/font-roboto" "^3.0.0-pre.1"
    "@polymer/iron-flex-layout" "^3.0.0-pre.1"
    "@polymer/polymer" "^3.0.0-pre.1"

"@polymer/polymer@^3.0.0-pre.1", "@polymer/polymer@next":
  version "3.0.0-pre.1"
  resolved "https://registry.yarnpkg.com/@polymer/polymer/-/polymer-3.0.0-pre.1.tgz#9fc26b5259aad9265f324ced02de715991d2eabe"
  dependencies:
    "@webcomponents/shadycss" "^1.0.0"
    "@webcomponents/webcomponentsjs" "^1.0.0"

"@webcomponents/shadycss@^1.0.0":
  version "1.0.5"
  resolved "https://registry.yarnpkg.com/@webcomponents/shadycss/-/shadycss-1.0.5.tgz#ff8537dd06c46f33eccee082cdecd9507bf39f56"

"@webcomponents/webcomponentsjs@^1.0.0", "@webcomponents/webcomponentsjs@^1.0.8":
  version "1.0.8"
  resolved "https://registry.yarnpkg.com/@webcomponents/webcomponentsjs/-/webcomponentsjs-1.0.8.tgz#de43375ebb491a2348abfc3ae8bc0fb1be6f0eeb"
